
Microsoft Visual Studio Solution File, Format Version 12.00
# Visual Studio 15
VisualStudioVersion = 15.0.27004.2009
MinimumVisualStudioVersion = 10.0.40219.1
Project("{FAE04EC0-301F-11D3-BF4B-00C04F79EFBC}") = "AnalyzeMaterialXML", "AnalyzeMaterialXML\AnalyzeMaterialXML.csproj", "{472173A8-23A9-40CD-8F7A-279A39D7C85C}"
EndProject
Global
	GlobalSection(SolutionConfigurationPlatforms) = preSolution
		Debug|Any CPU = Debug|Any CPU
		Release|Any CPU = Release|Any CPU
	EndGlobalSection
	GlobalSection(ProjectConfigurationPlatforms) = postSolution
		{472173A8-23A9-40CD-8F7A-279A39D7C85C}.Debug|Any CPU.ActiveCfg = Debug|Any CPU
		{472173A8-23A9-40CD-8F7A-279A39D7C85C}.Debug|Any CPU.Build.0 = Debug|Any CPU
		{472173A8-23A9-40CD-8F7A-279A39D7C85C}.Release|Any CPU.ActiveCfg = Release|Any CPU
		{472173A8-23A9-40CD-8F7A-279A39D7C85C}.Release|Any CPU.Build.0 = Release|Any CPU
	EndGlobalSection
	GlobalSection(SolutionProperties) = preSolution
		HideSolutionNode = FALSE
	EndGlobalSection
	GlobalSection(ExtensibilityGlobals) = postSolution
		SolutionGuid = {D37B0DF0-C875-4EA5-B9B1-8319A6B98803}
	EndGlobalSection
EndGlobal
